// !$*UTF8*$!
{
	archiveVersion = 1;
	classes = {
	};
	objectVersion = 46;
	objects = {

/* Begin PBXBuildFile section */
		964BDCA12385DE2D0005B0DD /* EmpyrBridge.swift in Sources */ = {isa = PBXBuildFile; fileRef = 964BDCA02385DE2D0005B0DD /* EmpyrBridge.swift */; };
		964BDCAF2385DE400005B0DD /* EmpyrAPIClient.swift in Sources */ = {isa = PBXBuildFile; fileRef = 964BDCA32385DE400005B0DD /* EmpyrAPIClient.swift */; };
		964BDCB02385DE400005B0DD /* RestMeta.swift in Sources */ = {isa = PBXBuildFile; fileRef = 964BDCA52385DE400005B0DD /* RestMeta.swift */; };
		964BDCB12385DE400005B0DD /* RestVariableReward.swift in Sources */ = {isa = PBXBuildFile; fileRef = 964BDCA62385DE400005B0DD /* RestVariableReward.swift */; };
		964BDCB22385DE400005B0DD /* ModelExtensions.swift in Sources */ = {isa = PBXBuildFile; fileRef = 964BDCA72385DE400005B0DD /* ModelExtensions.swift */; };
		964BDCB32385DE400005B0DD /* RestResults.swift in Sources */ = {isa = PBXBuildFile; fileRef = 964BDCA82385DE400005B0DD /* RestResults.swift */; };
		964BDCB42385DE400005B0DD /* RestOfferDetails.swift in Sources */ = {isa = PBXBuildFile; fileRef = 964BDCA92385DE400005B0DD /* RestOfferDetails.swift */; };
		964BDCB52385DE400005B0DD /* RestResponse.swift in Sources */ = {isa = PBXBuildFile; fileRef = 964BDCAA2385DE400005B0DD /* RestResponse.swift */; };
		964BDCB62385DE400005B0DD /* RestBusiness.swift in Sources */ = {isa = PBXBuildFile; fileRef = 964BDCAB2385DE400005B0DD /* RestBusiness.swift */; };
		964BDCB72385DE400005B0DD /* RestOffer.swift in Sources */ = {isa = PBXBuildFile; fileRef = 964BDCAC2385DE400005B0DD /* RestOffer.swift */; };
		964BDCB82385DE400005B0DD /* NetworkRequest.swift in Sources */ = {isa = PBXBuildFile; fileRef = 964BDCAD2385DE400005B0DD /* NetworkRequest.swift */; };
		964BDCB92385DE400005B0DD /* Serialization.swift in Sources */ = {isa = PBXBuildFile; fileRef = 964BDCAE2385DE400005B0DD /* Serialization.swift */; };
		964BDCBC2385DE490005B0DD /* EmpyrTracker.swift in Sources */ = {isa = PBXBuildFile; fileRef = 964BDCBB2385DE490005B0DD /* EmpyrTracker.swift */; };
		B3E7B58A1CC2AC0600A0062D /* EmpyrBridge.m in Sources */ = {isa = PBXBuildFile; fileRef = B3E7B5891CC2AC0600A0062D /* EmpyrBridge.m */; };
/* End PBXBuildFile section */

/* Begin PBXCopyFilesBuildPhase section */
		58B511D91A9E6C8500147676 /* CopyFiles */ = {
			isa = PBXCopyFilesBuildPhase;
			buildActionMask = 2147483647;
			dstPath = "include/$(PRODUCT_NAME)";
			dstSubfolderSpec = 16;
			files = (
			);
			runOnlyForDeploymentPostprocessing = 0;
		};
/* End PBXCopyFilesBuildPhase section */

/* Begin PBXFileReference section */
		134814201AA4EA6300B7C361 /* libEmpyrBridge.a */ = {isa = PBXFileReference; explicitFileType = archive.ar; includeInIndex = 0; path = libEmpyrBridge.a; sourceTree = BUILT_PRODUCTS_DIR; };
		964BDC9F2385DE2D0005B0DD /* EmpyrBridge-Bridging-Header.h */ = {isa = PBXFileReference; lastKnownFileType = sourcecode.c.h; path = "EmpyrBridge-Bridging-Header.h"; sourceTree = "<group>"; };
		964BDCA02385DE2D0005B0DD /* EmpyrBridge.swift */ = {isa = PBXFileReference; fileEncoding = 4; lastKnownFileType = sourcecode.swift; path = EmpyrBridge.swift; sourceTree = "<group>"; };
		964BDCA32385DE400005B0DD /* EmpyrAPIClient.swift */ = {isa = PBXFileReference; fileEncoding = 4; lastKnownFileType = sourcecode.swift; path = EmpyrAPIClient.swift; sourceTree = "<group>"; };
		964BDCA52385DE400005B0DD /* RestMeta.swift */ = {isa = PBXFileReference; fileEncoding = 4; lastKnownFileType = sourcecode.swift; path = RestMeta.swift; sourceTree = "<group>"; };
		964BDCA62385DE400005B0DD /* RestVariableReward.swift */ = {isa = PBXFileReference; fileEncoding = 4; lastKnownFileType = sourcecode.swift; path = RestVariableReward.swift; sourceTree = "<group>"; };
		964BDCA72385DE400005B0DD /* ModelExtensions.swift */ = {isa = PBXFileReference; fileEncoding = 4; lastKnownFileType = sourcecode.swift; path = ModelExtensions.swift; sourceTree = "<group>"; };
		964BDCA82385DE400005B0DD /* RestResults.swift */ = {isa = PBXFileReference; fileEncoding = 4; lastKnownFileType = sourcecode.swift; path = RestResults.swift; sourceTree = "<group>"; };
		964BDCA92385DE400005B0DD /* RestOfferDetails.swift */ = {isa = PBXFileReference; fileEncoding = 4; lastKnownFileType = sourcecode.swift; path = RestOfferDetails.swift; sourceTree = "<group>"; };
		964BDCAA2385DE400005B0DD /* RestResponse.swift */ = {isa = PBXFileReference; fileEncoding = 4; lastKnownFileType = sourcecode.swift; path = RestResponse.swift; sourceTree = "<group>"; };
		964BDCAB2385DE400005B0DD /* RestBusiness.swift */ = {isa = PBXFileReference; fileEncoding = 4; lastKnownFileType = sourcecode.swift; path = RestBusiness.swift; sourceTree = "<group>"; };
		964BDCAC2385DE400005B0DD /* RestOffer.swift */ = {isa = PBXFileReference; fileEncoding = 4; lastKnownFileType = sourcecode.swift; path = RestOffer.swift; sourceTree = "<group>"; };
		964BDCAD2385DE400005B0DD /* NetworkRequest.swift */ = {isa = PBXFileReference; fileEncoding = 4; lastKnownFileType = sourcecode.swift; path = NetworkRequest.swift; sourceTree = "<group>"; };
		964BDCAE2385DE400005B0DD /* Serialization.swift */ = {isa = PBXFileReference; fileEncoding = 4; lastKnownFileType = sourcecode.swift; path = Serialization.swift; sourceTree = "<group>"; };
		964BDCBB2385DE490005B0DD /* EmpyrTracker.swift */ = {isa = PBXFileReference; fileEncoding = 4; lastKnownFileType = sourcecode.swift; path = EmpyrTracker.swift; sourceTree = "<group>"; };
		B3E7B5891CC2AC0600A0062D /* EmpyrBridge.m */ = {isa = PBXFileReference; fileEncoding = 4; lastKnownFileType = sourcecode.c.objc; path = EmpyrBridge.m; sourceTree = "<group>"; };
/* End PBXFileReference section */

/* Begin PBXFrameworksBuildPhase section */
		58B511D81A9E6C8500147676 /* Frameworks */ = {
			isa = PBXFrameworksBuildPhase;
			buildActionMask = 2147483647;
			files = (
			);
			runOnlyForDeploymentPostprocessing = 0;
		};
/* End PBXFrameworksBuildPhase section */

/* Begin PBXGroup section */
		134814211AA4EA7D00B7C361 /* Products */ = {
			isa = PBXGroup;
			children = (
				134814201AA4EA6300B7C361 /* libEmpyrBridge.a */,
			);
			name = Products;
			sourceTree = "<group>";
		};
		58B511D21A9E6C8500147676 = {
			isa = PBXGroup;
			children = (
				964BDCBA2385DE490005B0DD /* EmpyrTracker */,
				964BDCA22385DE400005B0DD /* EmpyrCore */,
				964BDCA02385DE2D0005B0DD /* EmpyrBridge.swift */,
				B3E7B5891CC2AC0600A0062D /* EmpyrBridge.m */,
				134814211AA4EA7D00B7C361 /* Products */,
				964BDC9F2385DE2D0005B0DD /* EmpyrBridge-Bridging-Header.h */,
			);
			sourceTree = "<group>";
		};
		964BDCA22385DE400005B0DD /* EmpyrCore */ = {
			isa = PBXGroup;
			children = (
				964BDCA32385DE400005B0DD /* EmpyrAPIClient.swift */,
				964BDCA42385DE400005B0DD /* Model */,
				964BDCAD2385DE400005B0DD /* NetworkRequest.swift */,
				964BDCAE2385DE400005B0DD /* Serialization.swift */,
			);
			path = EmpyrCore;
			sourceTree = "<group>";
		};
		964BDCA42385DE400005B0DD /* Model */ = {
			isa = PBXGroup;
			children = (
				964BDCA52385DE400005B0DD /* RestMeta.swift */,
				964BDCA62385DE400005B0DD /* RestVariableReward.swift */,
				964BDCA72385DE400005B0DD /* ModelExtensions.swift */,
				964BDCA82385DE400005B0DD /* RestResults.swift */,
				964BDCA92385DE400005B0DD /* RestOfferDetails.swift */,
				964BDCAA2385DE400005B0DD /* RestResponse.swift */,
				964BDCAB2385DE400005B0DD /* RestBusiness.swift */,
				964BDCAC2385DE400005B0DD /* RestOffer.swift */,
			);
			path = Model;
			sourceTree = "<group>";
		};
		964BDCBA2385DE490005B0DD /* EmpyrTracker */ = {
			isa = PBXGroup;
			children = (
				964BDCBB2385DE490005B0DD /* EmpyrTracker.swift */,
			);
			path = EmpyrTracker;
			sourceTree = "<group>";
		};
/* End PBXGroup section */

/* Begin PBXNativeTarget section */
		58B511DA1A9E6C8500147676 /* EmpyrBridge */ = {
			isa = PBXNativeTarget;
			buildConfigurationList = 58B511EF1A9E6C8500147676 /* Build configuration list for PBXNativeTarget "EmpyrBridge" */;
			buildPhases = (
				58B511D71A9E6C8500147676 /* Sources */,
				58B511D81A9E6C8500147676 /* Frameworks */,
				58B511D91A9E6C8500147676 /* CopyFiles */,
			);
			buildRules = (
			);
			dependencies = (
			);
			name = EmpyrBridge;
			productName = RCTDataManager;
			productReference = 134814201AA4EA6300B7C361 /* libEmpyrBridge.a */;
			productType = "com.apple.product-type.library.static";
		};
/* End PBXNativeTarget section */

/* Begin PBXProject section */
		58B511D31A9E6C8500147676 /* Project object */ = {
			isa = PBXProject;
			attributes = {
				LastUpgradeCheck = 0920;
				ORGANIZATIONNAME = Facebook;
				TargetAttributes = {
					58B511DA1A9E6C8500147676 = {
						CreatedOnToolsVersion = 6.1.1;
						LastSwiftMigration = 1120;
					};
				};
			};
			buildConfigurationList = 58B511D61A9E6C8500147676 /* Build configuration list for PBXProject "EmpyrBridge" */;
			compatibilityVersion = "Xcode 3.2";
			developmentRegion = English;
			hasScannedForEncodings = 0;
			knownRegions = (
				English,
				en,
			);
			mainGroup = 58B511D21A9E6C8500147676;
			productRefGroup = 58B511D21A9E6C8500147676;
			projectDirPath = "";
			projectRoot = "";
			targets = (
				58B511DA1A9E6C8500147676 /* EmpyrBridge */,
			);
		};
/* End PBXProject section */

/* Begin PBXSourcesBuildPhase section */
		58B511D71A9E6C8500147676 /* Sources */ = {
			isa = PBXSourcesBuildPhase;
			buildActionMask = 2147483647;
			files = (
				964BDCB12385DE400005B0DD /* RestVariableReward.swift in Sources */,
				964BDCB62385DE400005B0DD /* RestBusiness.swift in Sources */,
				964BDCB72385DE400005B0DD /* RestOffer.swift in Sources */,
				964BDCB22385DE400005B0DD /* ModelExtensions.swift in Sources */,
				964BDCB32385DE400005B0DD /* RestResults.swift in Sources */,
				964BDCAF2385DE400005B0DD /* EmpyrAPIClient.swift in Sources */,
				964BDCBC2385DE490005B0DD /* EmpyrTracker.swift in Sources */,
				964BDCA12385DE2D0005B0DD /* EmpyrBridge.swift in Sources */,
				964BDCB02385DE400005B0DD /* RestMeta.swift in Sources */,
				964BDCB52385DE400005B0DD /* RestResponse.swift in Sources */,
				B3E7B58A1CC2AC0600A0062D /* EmpyrBridge.m in Sources */,
				964BDCB82385DE400005B0DD /* NetworkRequest.swift in Sources */,
				964BDCB42385DE400005B0DD /* RestOfferDetails.swift in Sources */,
				964BDCB92385DE400005B0DD /* Serialization.swift in Sources */,
			);
			runOnlyForDeploymentPostprocessing = 0;
		};
/* End PBXSourcesBuildPhase section */

/* Begin XCBuildConfiguration section */
		58B511ED1A9E6C8500147676 /* Debug */ = {
			isa = XCBuildConfiguration;
			buildSettings = {
				ALWAYS_SEARCH_USER_PATHS = NO;
				CLANG_CXX_LANGUAGE_STANDARD = "gnu++0x";
				CLANG_CXX_LIBRARY = "libc++";
				CLANG_ENABLE_MODULES = YES;
				CLANG_ENABLE_OBJC_ARC = YES;
				CLANG_WARN_BLOCK_CAPTURE_AUTORELEASING = YES;
				CLANG_WARN_BOOL_CONVERSION = YES;
				CLANG_WARN_COMMA = YES;
				CLANG_WARN_CONSTANT_CONVERSION = YES;
				CLANG_WARN_DIRECT_OBJC_ISA_USAGE = YES_ERROR;
				CLANG_WARN_EMPTY_BODY = YES;
				CLANG_WARN_ENUM_CONVERSION = YES;
				CLANG_WARN_INFINITE_RECURSION = YES;
				CLANG_WARN_INT_CONVERSION = YES;
				CLANG_WARN_NON_LITERAL_NULL_CONVERSION = YES;
				CLANG_WARN_OBJC_LITERAL_CONVERSION = YES;
				CLANG_WARN_OBJC_ROOT_CLASS = YES_ERROR;
				CLANG_WARN_RANGE_LOOP_ANALYSIS = YES;
				CLANG_WARN_STRICT_PROTOTYPES = YES;
				CLANG_WARN_SUSPICIOUS_MOVE = YES;
				CLANG_WARN_UNREACHABLE_CODE = YES;
				CLANG_WARN__DUPLICATE_METHOD_MATCH = YES;
				COPY_PHASE_STRIP = NO;
				ENABLE_STRICT_OBJC_MSGSEND = YES;
				ENABLE_TESTABILITY = YES;
				GCC_C_LANGUAGE_STANDARD = gnu99;
				GCC_DYNAMIC_NO_PIC = NO;
				GCC_NO_COMMON_BLOCKS = YES;
				GCC_OPTIMIZATION_LEVEL = 0;
				GCC_PREPROCESSOR_DEFINITIONS = (
					"DEBUG=1",
					"$(inherited)",
				);
				GCC_SYMBOLS_PRIVATE_EXTERN = NO;
				GCC_WARN_64_TO_32_BIT_CONVERSION = YES;
				GCC_WARN_ABOUT_RETURN_TYPE = YES_ERROR;
				GCC_WARN_UNDECLARED_SELECTOR = YES;
				GCC_WARN_UNINITIALIZED_AUTOS = YES_AGGRESSIVE;
				GCC_WARN_UNUSED_FUNCTION = YES;
				GCC_WARN_UNUSED_VARIABLE = YES;
				IPHONEOS_DEPLOYMENT_TARGET = 8.0;
				MTL_ENABLE_DEBUG_INFO = YES;
				ONLY_ACTIVE_ARCH = YES;
				SDKROOT = iphoneos;
			};
			name = Debug;
		};
		58B511EE1A9E6C8500147676 /* Release */ = {
			isa = XCBuildConfiguration;
			buildSettings = {
				ALWAYS_SEARCH_USER_PATHS = NO;
				CLANG_CXX_LANGUAGE_STANDARD = "gnu++0x";
				CLANG_CXX_LIBRARY = "libc++";
				CLANG_ENABLE_MODULES = YES;
				CLANG_ENABLE_OBJC_ARC = YES;
				CLANG_WARN_BLOCK_CAPTURE_AUTORELEASING = YES;
				CLANG_WARN_BOOL_CONVERSION = YES;
				CLANG_WARN_COMMA = YES;
				CLANG_WARN_CONSTANT_CONVERSION = YES;
				CLANG_WARN_DIRECT_OBJC_ISA_USAGE = YES_ERROR;
				CLANG_WARN_EMPTY_BODY = YES;
				CLANG_WARN_ENUM_CONVERSION = YES;
				CLANG_WARN_INFINITE_RECURSION = YES;
				CLANG_WARN_INT_CONVERSION = YES;
				CLANG_WARN_NON_LITERAL_NULL_CONVERSION = YES;
				CLANG_WARN_OBJC_LITERAL_CONVERSION = YES;
				CLANG_WARN_OBJC_ROOT_CLASS = YES_ERROR;
				CLANG_WARN_RANGE_LOOP_ANALYSIS = YES;
				CLANG_WARN_STRICT_PROTOTYPES = YES;
				CLANG_WARN_SUSPICIOUS_MOVE = YES;
				CLANG_WARN_UNREACHABLE_CODE = YES;
				CLANG_WARN__DUPLICATE_METHOD_MATCH = YES;
				COPY_PHASE_STRIP = YES;
				ENABLE_NS_ASSERTIONS = NO;
				ENABLE_STRICT_OBJC_MSGSEND = YES;
				GCC_C_LANGUAGE_STANDARD = gnu99;
				GCC_NO_COMMON_BLOCKS = YES;
				GCC_WARN_64_TO_32_BIT_CONVERSION = YES;
				GCC_WARN_ABOUT_RETURN_TYPE = YES_ERROR;
				GCC_WARN_UNDECLARED_SELECTOR = YES;
				GCC_WARN_UNINITIALIZED_AUTOS = YES_AGGRESSIVE;
				GCC_WARN_UNUSED_FUNCTION = YES;
				GCC_WARN_UNUSED_VARIABLE = YES;
				IPHONEOS_DEPLOYMENT_TARGET = 8.0;
				MTL_ENABLE_DEBUG_INFO = NO;
				SDKROOT = iphoneos;
				VALIDATE_PRODUCT = YES;
			};
			name = Release;
		};
		58B511F01A9E6C8500147676 /* Debug */ = {
			isa = XCBuildConfiguration;
			buildSettings = {
				CLANG_ENABLE_MODULES = YES;
				HEADER_SEARCH_PATHS = (
					"$(inherited)",
					/Applications/Xcode.app/Contents/Developer/Toolchains/XcodeDefault.xctoolchain/usr/include,
					"$(SRCROOT)/../../../React/**",
					"$(SRCROOT)/../../react-native/React/**",
				);
				LD_RUNPATH_SEARCH_PATHS = "$(inherited) @executable_path/Frameworks @loader_path/Frameworks";
				LIBRARY_SEARCH_PATHS = "$(inherited)";
				OTHER_LDFLAGS = "-ObjC";
				PRODUCT_NAME = EmpyrBridge;
				SKIP_INSTALL = YES;
				SWIFT_OBJC_BRIDGING_HEADER = "EmpyrBridge-Bridging-Header.h";
				SWIFT_OPTIMIZATION_LEVEL = "-Onone";
				SWIFT_VERSION = 5.0;
			};
			name = Debug;
		};
		58B511F11A9E6C8500147676 /* Release */ = {
			isa = XCBuildConfiguration;
			buildSettings = {
				CLANG_ENABLE_MODULES = YES;
				HEADER_SEARCH_PATHS = (
					"$(inherited)",
					/Applications/Xcode.app/Contents/Developer/Toolchains/XcodeDefault.xctoolchain/usr/include,
					"$(SRCROOT)/../../../React/**",
					"$(SRCROOT)/../../react-native/React/**",
				);
				LD_RUNPATH_SEARCH_PATHS = "$(inherited) @executable_path/Frameworks @loader_path/Frameworks";
				LIBRARY_SEARCH_PATHS = "$(inherited)";
				OTHER_LDFLAGS = "-ObjC";
				PRODUCT_NAME = EmpyrBridge;
				SKIP_INSTALL = YES;
				SWIFT_OBJC_BRIDGING_HEADER = "EmpyrBridge-Bridging-Header.h";
				SWIFT_VERSION = 5.0;
			};
			name = Release;
		};
/* End XCBuildConfiguration section */

/* Begin XCConfigurationList section */
		58B511D61A9E6C8500147676 /* Build configuration list for PBXProject "EmpyrBridge" */ = {
			isa = XCConfigurationList;
			buildConfigurations = (
				58B511ED1A9E6C8500147676 /* Debug */,
				58B511EE1A9E6C8500147676 /* Release */,
			);
			defaultConfigurationIsVisible = 0;
			defaultConfigurationName = Release;
		};
		58B511EF1A9E6C8500147676 /* Build configuration list for PBXNativeTarget "EmpyrBridge" */ = {
			isa = XCConfigurationList;
			buildConfigurations = (
				58B511F01A9E6C8500147676 /* Debug */,
				58B511F11A9E6C8500147676 /* Release */,
			);
			defaultConfigurationIsVisible = 0;
			defaultConfigurationName = Release;
		};
/* End XCConfigurationList section */
	};
	rootObject = 58B511D31A9E6C8500147676 /* Project object */;
}
